// !$*UTF8*$!
{
	archiveVersion = 1;
	classes = {
	};
	objectVersion = 46;
	objects = {

/* Begin PBXBuildFile section */
		0D2E58501B7F91B900BCB344 /* ToTerminal.swift in Sources */ = {isa = PBXBuildFile; fileRef = 0D2E584F1B7F91B900BCB344 /* ToTerminal.swift */; };
		0D2E58521B7F921100BCB344 /* FromTerminal.swift in Sources */ = {isa = PBXBuildFile; fileRef = 0D2E58511B7F921100BCB344 /* FromTerminal.swift */; };
		0D2E58541B7FC29F00BCB344 /* ScheduleEntry.swift in Sources */ = {isa = PBXBuildFile; fileRef = 0D2E58531B7FC29F00BCB344 /* ScheduleEntry.swift */; };
		0D2E58581B7FFEBA00BCB344 /* Route.swift in Sources */ = {isa = PBXBuildFile; fileRef = 0D2E58571B7FFEBA00BCB344 /* Route.swift */; };
		0D60B9821B60685700E31E98 /* AppDelegate.swift in Sources */ = {isa = PBXBuildFile; fileRef = 0D60B9811B60685700E31E98 /* AppDelegate.swift */; };
		0D60B9871B60685700E31E98 /* Main.storyboard in Resources */ = {isa = PBXBuildFile; fileRef = 0D60B9851B60685700E31E98 /* Main.storyboard */; };
		0D60B9891B60685700E31E98 /* Images.xcassets in Resources */ = {isa = PBXBuildFile; fileRef = 0D60B9881B60685700E31E98 /* Images.xcassets */; };
		0D60B98C1B60685700E31E98 /* LaunchScreen.xib in Resources */ = {isa = PBXBuildFile; fileRef = 0D60B98A1B60685700E31E98 /* LaunchScreen.xib */; };
		0D60B9981B60685700E31E98 /* Route_139Tests.swift in Sources */ = {isa = PBXBuildFile; fileRef = 0D60B9971B60685700E31E98 /* Route_139Tests.swift */; };
		0D60B9A21B6068AA00E31E98 /* SettingsTableViewController.swift in Sources */ = {isa = PBXBuildFile; fileRef = 0D60B9A11B6068AA00E31E98 /* SettingsTableViewController.swift */; };
		0D60B9A41B6068BA00E31E98 /* StopSelectionTableViewController.swift in Sources */ = {isa = PBXBuildFile; fileRef = 0D60B9A31B6068BA00E31E98 /* StopSelectionTableViewController.swift */; };
		0D60B9AA1B606CC700E31E98 /* RouteFetcher.swift in Sources */ = {isa = PBXBuildFile; fileRef = 0D60B9A91B606CC700E31E98 /* RouteFetcher.swift */; };
		0D60B9AC1B606CF500E31E98 /* RouteFetcherConstants.swift in Sources */ = {isa = PBXBuildFile; fileRef = 0D60B9AB1B606CF500E31E98 /* RouteFetcherConstants.swift */; };
		0D60B9AE1B607AFB00E31E98 /* RouteStop.swift in Sources */ = {isa = PBXBuildFile; fileRef = 0D60B9AD1B607AFB00E31E98 /* RouteStop.swift */; };
		0D61B2B71B7EA22D003A539C /* Service.swift in Sources */ = {isa = PBXBuildFile; fileRef = 0D61B2B61B7EA22D003A539C /* Service.swift */; };
		0D72613C1B6A5CEE0082A02C /* Location.swift in Sources */ = {isa = PBXBuildFile; fileRef = 0D72613B1B6A5CEE0082A02C /* Location.swift */; };
		0D72613E1B6B1E550082A02C /* Locations.swift in Sources */ = {isa = PBXBuildFile; fileRef = 0D72613D1B6B1E550082A02C /* Locations.swift */; };
		0D7261401B76669F0082A02C /* ModelStore.swift in Sources */ = {isa = PBXBuildFile; fileRef = 0D72613F1B76669F0082A02C /* ModelStore.swift */; };
		0DBFE9DE1B7BFA01002E22B4 /* 139Routes.json in Resources */ = {isa = PBXBuildFile; fileRef = 0DBFE9DD1B7BFA01002E22B4 /* 139Routes.json */; };
		0DBFE9E01B7C0570002E22B4 /* 139Stops.json in Resources */ = {isa = PBXBuildFile; fileRef = 0DBFE9DF1B7C0570002E22B4 /* 139Stops.json */; };
		0DBFE9E21B7C0586002E22B4 /* 139StopTimes.json in Resources */ = {isa = PBXBuildFile; fileRef = 0DBFE9E11B7C0586002E22B4 /* 139StopTimes.json */; };
		0DBFE9E41B7C0593002E22B4 /* 139Trips.json in Resources */ = {isa = PBXBuildFile; fileRef = 0DBFE9E31B7C0593002E22B4 /* 139Trips.json */; };
		0DBFE9E61B7C05A4002E22B4 /* calendar_dates.json in Resources */ = {isa = PBXBuildFile; fileRef = 0DBFE9E51B7C05A4002E22B4 /* calendar_dates.json */; };
		0DBFE9E81B7C1994002E22B4 /* CalendarDate.swift in Sources */ = {isa = PBXBuildFile; fileRef = 0DBFE9E71B7C1994002E22B4 /* CalendarDate.swift */; };
		0DBFE9EA1B7C202C002E22B4 /* RouteTrip.swift in Sources */ = {isa = PBXBuildFile; fileRef = 0DBFE9E91B7C202C002E22B4 /* RouteTrip.swift */; };
		0DBFE9EC1B7C233E002E22B4 /* RouteStopTime.swift in Sources */ = {isa = PBXBuildFile; fileRef = 0DBFE9EB1B7C233E002E22B4 /* RouteStopTime.swift */; };
/* End PBXBuildFile section */

/* Begin PBXContainerItemProxy section */
		0D60B9921B60685700E31E98 /* PBXContainerItemProxy */ = {
			isa = PBXContainerItemProxy;
			containerPortal = 0D60B9741B60685700E31E98 /* Project object */;
			proxyType = 1;
			remoteGlobalIDString = 0D60B97B1B60685700E31E98;
			remoteInfo = "Route 139";
		};
/* End PBXContainerItemProxy section */

/* Begin PBXFileReference section */
		0D2E584F1B7F91B900BCB344 /* ToTerminal.swift */ = {isa = PBXFileReference; fileEncoding = 4; lastKnownFileType = sourcecode.swift; path = ToTerminal.swift; sourceTree = "<group>"; };
		0D2E58511B7F921100BCB344 /* FromTerminal.swift */ = {isa = PBXFileReference; fileEncoding = 4; lastKnownFileType = sourcecode.swift; path = FromTerminal.swift; sourceTree = "<group>"; };
		0D2E58531B7FC29F00BCB344 /* ScheduleEntry.swift */ = {isa = PBXFileReference; fileEncoding = 4; lastKnownFileType = sourcecode.swift; name = ScheduleEntry.swift; path = Model/ScheduleEntry.swift; sourceTree = "<group>"; };
		0D2E58571B7FFEBA00BCB344 /* Route.swift */ = {isa = PBXFileReference; fileEncoding = 4; lastKnownFileType = sourcecode.swift; name = Route.swift; path = Model/Route.swift; sourceTree = "<group>"; };
		0D60B97C1B60685700E31E98 /* Route 139.app */ = {isa = PBXFileReference; explicitFileType = wrapper.application; includeInIndex = 0; path = "Route 139.app"; sourceTree = BUILT_PRODUCTS_DIR; };
		0D60B9801B60685700E31E98 /* Info.plist */ = {isa = PBXFileReference; lastKnownFileType = text.plist.xml; path = Info.plist; sourceTree = "<group>"; };
		0D60B9811B60685700E31E98 /* AppDelegate.swift */ = {isa = PBXFileReference; lastKnownFileType = sourcecode.swift; path = AppDelegate.swift; sourceTree = "<group>"; };
		0D60B9861B60685700E31E98 /* Base */ = {isa = PBXFileReference; lastKnownFileType = file.storyboard; name = Base; path = Base.lproj/Main.storyboard; sourceTree = "<group>"; };
		0D60B9881B60685700E31E98 /* Images.xcassets */ = {isa = PBXFileReference; lastKnownFileType = folder.assetcatalog; path = Images.xcassets; sourceTree = "<group>"; };
		0D60B98B1B60685700E31E98 /* Base */ = {isa = PBXFileReference; lastKnownFileType = file.xib; name = Base; path = Base.lproj/LaunchScreen.xib; sourceTree = "<group>"; };
		0D60B9911B60685700E31E98 /* Route 139Tests.xctest */ = {isa = PBXFileReference; explicitFileType = wrapper.cfbundle; includeInIndex = 0; path = "Route 139Tests.xctest"; sourceTree = BUILT_PRODUCTS_DIR; };
		0D60B9961B60685700E31E98 /* Info.plist */ = {isa = PBXFileReference; lastKnownFileType = text.plist.xml; path = Info.plist; sourceTree = "<group>"; };
		0D60B9971B60685700E31E98 /* Route_139Tests.swift */ = {isa = PBXFileReference; lastKnownFileType = sourcecode.swift; path = Route_139Tests.swift; sourceTree = "<group>"; };
		0D60B9A11B6068AA00E31E98 /* SettingsTableViewController.swift */ = {isa = PBXFileReference; fileEncoding = 4; lastKnownFileType = sourcecode.swift; path = SettingsTableViewController.swift; sourceTree = "<group>"; };
		0D60B9A31B6068BA00E31E98 /* StopSelectionTableViewController.swift */ = {isa = PBXFileReference; fileEncoding = 4; lastKnownFileType = sourcecode.swift; path = StopSelectionTableViewController.swift; sourceTree = "<group>"; };
		0D60B9A91B606CC700E31E98 /* RouteFetcher.swift */ = {isa = PBXFileReference; fileEncoding = 4; lastKnownFileType = sourcecode.swift; name = RouteFetcher.swift; path = RouteFetcher/RouteFetcher.swift; sourceTree = "<group>"; };
		0D60B9AB1B606CF500E31E98 /* RouteFetcherConstants.swift */ = {isa = PBXFileReference; fileEncoding = 4; lastKnownFileType = sourcecode.swift; name = RouteFetcherConstants.swift; path = RouteFetcher/RouteFetcherConstants.swift; sourceTree = "<group>"; };
		0D60B9AD1B607AFB00E31E98 /* RouteStop.swift */ = {isa = PBXFileReference; fileEncoding = 4; lastKnownFileType = sourcecode.swift; name = RouteStop.swift; path = Model/RouteStop.swift; sourceTree = "<group>"; };
		0D61B2B61B7EA22D003A539C /* Service.swift */ = {isa = PBXFileReference; fileEncoding = 4; lastKnownFileType = sourcecode.swift; name = Service.swift; path = Model/Service.swift; sourceTree = "<group>"; };
		0D72613B1B6A5CEE0082A02C /* Location.swift */ = {isa = PBXFileReference; fileEncoding = 4; lastKnownFileType = sourcecode.swift; name = Location.swift; path = ViewModel/Location.swift; sourceTree = "<group>"; };
		0D72613D1B6B1E550082A02C /* Locations.swift */ = {isa = PBXFileReference; fileEncoding = 4; lastKnownFileType = sourcecode.swift; name = Locations.swift; path = ViewModel/Locations.swift; sourceTree = "<group>"; };
		0D72613F1B76669F0082A02C /* ModelStore.swift */ = {isa = PBXFileReference; fileEncoding = 4; lastKnownFileType = sourcecode.swift; name = ModelStore.swift; path = Model/ModelStore.swift; sourceTree = "<group>"; };
		0DBFE9DD1B7BFA01002E22B4 /* 139Routes.json */ = {isa = PBXFileReference; fileEncoding = 4; lastKnownFileType = text.json; path = 139Routes.json; sourceTree = "<group>"; };
		0DBFE9DF1B7C0570002E22B4 /* 139Stops.json */ = {isa = PBXFileReference; fileEncoding = 4; lastKnownFileType = text.json; path = 139Stops.json; sourceTree = "<group>"; };
		0DBFE9E11B7C0586002E22B4 /* 139StopTimes.json */ = {isa = PBXFileReference; fileEncoding = 4; lastKnownFileType = text.json; path = 139StopTimes.json; sourceTree = "<group>"; };
		0DBFE9E31B7C0593002E22B4 /* 139Trips.json */ = {isa = PBXFileReference; fileEncoding = 4; lastKnownFileType = text.json; path = 139Trips.json; sourceTree = "<group>"; };
		0DBFE9E51B7C05A4002E22B4 /* calendar_dates.json */ = {isa = PBXFileReference; fileEncoding = 4; lastKnownFileType = text.json; path = calendar_dates.json; sourceTree = "<group>"; };
		0DBFE9E71B7C1994002E22B4 /* CalendarDate.swift */ = {isa = PBXFileReference; fileEncoding = 4; lastKnownFileType = sourcecode.swift; name = CalendarDate.swift; path = Model/CalendarDate.swift; sourceTree = "<group>"; };
		0DBFE9E91B7C202C002E22B4 /* RouteTrip.swift */ = {isa = PBXFileReference; fileEncoding = 4; lastKnownFileType = sourcecode.swift; name = RouteTrip.swift; path = Model/RouteTrip.swift; sourceTree = "<group>"; };
		0DBFE9EB1B7C233E002E22B4 /* RouteStopTime.swift */ = {isa = PBXFileReference; fileEncoding = 4; lastKnownFileType = sourcecode.swift; name = RouteStopTime.swift; path = Model/RouteStopTime.swift; sourceTree = "<group>"; };
/* End PBXFileReference section */

/* Begin PBXFrameworksBuildPhase section */
		0D60B9791B60685700E31E98 /* Frameworks */ = {
			isa = PBXFrameworksBuildPhase;
			buildActionMask = 2147483647;
			files = (
			);
			runOnlyForDeploymentPostprocessing = 0;
		};
		0D60B98E1B60685700E31E98 /* Frameworks */ = {
			isa = PBXFrameworksBuildPhase;
			buildActionMask = 2147483647;
			files = (
			);
			runOnlyForDeploymentPostprocessing = 0;
		};
/* End PBXFrameworksBuildPhase section */

/* Begin PBXGroup section */
		0D18C5081B7BF6A6008BAB02 /* Resources */ = {
			isa = PBXGroup;
			children = (
				0DBFE9E51B7C05A4002E22B4 /* calendar_dates.json */,
				0DBFE9E31B7C0593002E22B4 /* 139Trips.json */,
				0DBFE9E11B7C0586002E22B4 /* 139StopTimes.json */,
				0DBFE9DF1B7C0570002E22B4 /* 139Stops.json */,
				0DBFE9DD1B7BFA01002E22B4 /* 139Routes.json */,
			);
			name = Resources;
			sourceTree = "<group>";
		};
		0D60B9731B60685700E31E98 = {
			isa = PBXGroup;
			children = (
				0D60B97E1B60685700E31E98 /* Route 139 */,
				0D60B9941B60685700E31E98 /* Route 139Tests */,
				0D60B97D1B60685700E31E98 /* Products */,
			);
			sourceTree = "<group>";
		};
		0D60B97D1B60685700E31E98 /* Products */ = {
			isa = PBXGroup;
			children = (
				0D60B97C1B60685700E31E98 /* Route 139.app */,
				0D60B9911B60685700E31E98 /* Route 139Tests.xctest */,
			);
			name = Products;
			sourceTree = "<group>";
		};
		0D60B97E1B60685700E31E98 /* Route 139 */ = {
			isa = PBXGroup;
			children = (
				0D72613A1B6A5CB30082A02C /* ViewModel */,
				0D60B9A61B606A8B00E31E98 /* Route Fetcher */,
				0D60B9A51B6069C700E31E98 /* Model */,
				0D60B9A11B6068AA00E31E98 /* SettingsTableViewController.swift */,
				0D60B9A31B6068BA00E31E98 /* StopSelectionTableViewController.swift */,
				0D60B9811B60685700E31E98 /* AppDelegate.swift */,
				0D60B9851B60685700E31E98 /* Main.storyboard */,
				0D60B9881B60685700E31E98 /* Images.xcassets */,
				0D60B98A1B60685700E31E98 /* LaunchScreen.xib */,
				0D60B97F1B60685700E31E98 /* Supporting Files */,
				0D2E584F1B7F91B900BCB344 /* ToTerminal.swift */,
				0D2E58511B7F921100BCB344 /* FromTerminal.swift */,
			);
			path = "Route 139";
			sourceTree = "<group>";
		};
		0D60B97F1B60685700E31E98 /* Supporting Files */ = {
			isa = PBXGroup;
			children = (
				0D18C5081B7BF6A6008BAB02 /* Resources */,
				0D60B9801B60685700E31E98 /* Info.plist */,
			);
			name = "Supporting Files";
			sourceTree = "<group>";
		};
		0D60B9941B60685700E31E98 /* Route 139Tests */ = {
			isa = PBXGroup;
			children = (
				0D60B9971B60685700E31E98 /* Route_139Tests.swift */,
				0D60B9951B60685700E31E98 /* Supporting Files */,
			);
			path = "Route 139Tests";
			sourceTree = "<group>";
		};
		0D60B9951B60685700E31E98 /* Supporting Files */ = {
			isa = PBXGroup;
			children = (
				0D60B9961B60685700E31E98 /* Info.plist */,
			);
			name = "Supporting Files";
			sourceTree = "<group>";
		};
		0D60B9A51B6069C700E31E98 /* Model */ = {
			isa = PBXGroup;
			children = (
				0D72613F1B76669F0082A02C /* ModelStore.swift */,
				0D60B9AD1B607AFB00E31E98 /* RouteStop.swift */,
				0DBFE9E71B7C1994002E22B4 /* CalendarDate.swift */,
				0DBFE9E91B7C202C002E22B4 /* RouteTrip.swift */,
				0DBFE9EB1B7C233E002E22B4 /* RouteStopTime.swift */,
				0D61B2B61B7EA22D003A539C /* Service.swift */,
				0D2E58531B7FC29F00BCB344 /* ScheduleEntry.swift */,
				0D2E58571B7FFEBA00BCB344 /* Route.swift */,
			);
			name = Model;
			sourceTree = "<group>";
		};
		0D60B9A61B606A8B00E31E98 /* Route Fetcher */ = {
			isa = PBXGroup;
			children = (
				0D60B9AB1B606CF500E31E98 /* RouteFetcherConstants.swift */,
				0D60B9A91B606CC700E31E98 /* RouteFetcher.swift */,
			);
			name = "Route Fetcher";
			sourceTree = "<group>";
		};
		0D72613A1B6A5CB30082A02C /* ViewModel */ = {
			isa = PBXGroup;
			children = (
				0D72613B1B6A5CEE0082A02C /* Location.swift */,
				0D72613D1B6B1E550082A02C /* Locations.swift */,
			);
			name = ViewModel;
			sourceTree = "<group>";
		};
/* End PBXGroup section */

/* Begin PBXNativeTarget section */
		0D60B97B1B60685700E31E98 /* Route 139 */ = {
			isa = PBXNativeTarget;
			buildConfigurationList = 0D60B99B1B60685700E31E98 /* Build configuration list for PBXNativeTarget "Route 139" */;
			buildPhases = (
				0D60B9781B60685700E31E98 /* Sources */,
				0D60B9791B60685700E31E98 /* Frameworks */,
				0D60B97A1B60685700E31E98 /* Resources */,
			);
			buildRules = (
			);
			dependencies = (
			);
			name = "Route 139";
			productName = "Route 139";
			productReference = 0D60B97C1B60685700E31E98 /* Route 139.app */;
			productType = "com.apple.product-type.application";
		};
		0D60B9901B60685700E31E98 /* Route 139Tests */ = {
			isa = PBXNativeTarget;
			buildConfigurationList = 0D60B99E1B60685700E31E98 /* Build configuration list for PBXNativeTarget "Route 139Tests" */;
			buildPhases = (
				0D60B98D1B60685700E31E98 /* Sources */,
				0D60B98E1B60685700E31E98 /* Frameworks */,
				0D60B98F1B60685700E31E98 /* Resources */,
			);
			buildRules = (
			);
			dependencies = (
				0D60B9931B60685700E31E98 /* PBXTargetDependency */,
			);
			name = "Route 139Tests";
			productName = "Route 139Tests";
			productReference = 0D60B9911B60685700E31E98 /* Route 139Tests.xctest */;
			productType = "com.apple.product-type.bundle.unit-test";
		};
/* End PBXNativeTarget section */

/* Begin PBXProject section */
		0D60B9741B60685700E31E98 /* Project object */ = {
			isa = PBXProject;
			attributes = {
				LastSwiftUpdateCheck = 0700;
				LastUpgradeCheck = 0640;
				ORGANIZATIONNAME = "Wolney Mendes";
				TargetAttributes = {
					0D60B97B1B60685700E31E98 = {
						CreatedOnToolsVersion = 6.4;
						DevelopmentTeam = 3YGNL87B34;
					};
					0D60B9901B60685700E31E98 = {
						CreatedOnToolsVersion = 6.4;
						TestTargetID = 0D60B97B1B60685700E31E98;
					};
				};
			};
			buildConfigurationList = 0D60B9771B60685700E31E98 /* Build configuration list for PBXProject "Route 139" */;
			compatibilityVersion = "Xcode 3.2";
			developmentRegion = English;
			hasScannedForEncodings = 0;
			knownRegions = (
				en,
				Base,
			);
			mainGroup = 0D60B9731B60685700E31E98;
			productRefGroup = 0D60B97D1B60685700E31E98 /* Products */;
			projectDirPath = "";
			projectRoot = "";
			targets = (
				0D60B97B1B60685700E31E98 /* Route 139 */,
				0D60B9901B60685700E31E98 /* Route 139Tests */,
			);
		};
/* End PBXProject section */

/* Begin PBXResourcesBuildPhase section */
		0D60B97A1B60685700E31E98 /* Resources */ = {
			isa = PBXResourcesBuildPhase;
			buildActionMask = 2147483647;
			files = (
				0D60B9871B60685700E31E98 /* Main.storyboard in Resources */,
				0DBFE9DE1B7BFA01002E22B4 /* 139Routes.json in Resources */,
				0D60B98C1B60685700E31E98 /* LaunchScreen.xib in Resources */,
				0D60B9891B60685700E31E98 /* Images.xcassets in Resources */,
				0DBFE9E41B7C0593002E22B4 /* 139Trips.json in Resources */,
				0DBFE9E61B7C05A4002E22B4 /* calendar_dates.json in Resources */,
				0DBFE9E21B7C0586002E22B4 /* 139StopTimes.json in Resources */,
				0DBFE9E01B7C0570002E22B4 /* 139Stops.json in Resources */,
			);
			runOnlyForDeploymentPostprocessing = 0;
		};
		0D60B98F1B60685700E31E98 /* Resources */ = {
			isa = PBXResourcesBuildPhase;
			buildActionMask = 2147483647;
			files = (
			);
			runOnlyForDeploymentPostprocessing = 0;
		};
/* End PBXResourcesBuildPhase section */

/* Begin PBXSourcesBuildPhase section */
		0D60B9781B60685700E31E98 /* Sources */ = {
			isa = PBXSourcesBuildPhase;
			buildActionMask = 2147483647;
			files = (
				0D2E58501B7F91B900BCB344 /* ToTerminal.swift in Sources */,
				0DBFE9EA1B7C202C002E22B4 /* RouteTrip.swift in Sources */,
				0D61B2B71B7EA22D003A539C /* Service.swift in Sources */,
				0DBFE9EC1B7C233E002E22B4 /* RouteStopTime.swift in Sources */,
				0D2E58521B7F921100BCB344 /* FromTerminal.swift in Sources */,
				0D72613E1B6B1E550082A02C /* Locations.swift in Sources */,
				0D7261401B76669F0082A02C /* ModelStore.swift in Sources */,
				0D60B9A21B6068AA00E31E98 /* SettingsTableViewController.swift in Sources */,
				0D60B9821B60685700E31E98 /* AppDelegate.swift in Sources */,
				0D2E58581B7FFEBA00BCB344 /* Route.swift in Sources */,
				0D72613C1B6A5CEE0082A02C /* Location.swift in Sources */,
				0D60B9AC1B606CF500E31E98 /* RouteFetcherConstants.swift in Sources */,
				0DBFE9E81B7C1994002E22B4 /* CalendarDate.swift in Sources */,
				0D60B9AE1B607AFB00E31E98 /* RouteStop.swift in Sources */,
				0D2E58541B7FC29F00BCB344 /* ScheduleEntry.swift in Sources */,
				0D60B9AA1B606CC700E31E98 /* RouteFetcher.swift in Sources */,
				0D60B9A41B6068BA00E31E98 /* StopSelectionTableViewController.swift in Sources */,
			);
			runOnlyForDeploymentPostprocessing = 0;
		};
		0D60B98D1B60685700E31E98 /* Sources */ = {
			isa = PBXSourcesBuildPhase;
			buildActionMask = 2147483647;
			files = (
				0D60B9981B60685700E31E98 /* Route_139Tests.swift in Sources */,
			);
			runOnlyForDeploymentPostprocessing = 0;
		};
/* End PBXSourcesBuildPhase section */

/* Begin PBXTargetDependency section */
		0D60B9931B60685700E31E98 /* PBXTargetDependency */ = {
			isa = PBXTargetDependency;
			target = 0D60B97B1B60685700E31E98 /* Route 139 */;
			targetProxy = 0D60B9921B60685700E31E98 /* PBXContainerItemProxy */;
		};
/* End PBXTargetDependency section */

/* Begin PBXVariantGroup section */
		0D60B9851B60685700E31E98 /* Main.storyboard */ = {
			isa = PBXVariantGroup;
			children = (
				0D60B9861B60685700E31E98 /* Base */,
			);
			name = Main.storyboard;
			sourceTree = "<group>";
		};
		0D60B98A1B60685700E31E98 /* LaunchScreen.xib */ = {
			isa = PBXVariantGroup;
			children = (
				0D60B98B1B60685700E31E98 /* Base */,
			);
			name = LaunchScreen.xib;
			sourceTree = "<group>";
		};
/* End PBXVariantGroup section */

/* Begin XCBuildConfiguration section */
		0D60B9991B60685700E31E98 /* Debug */ = {
			isa = XCBuildConfiguration;
			buildSettings = {
				ALWAYS_SEARCH_USER_PATHS = NO;
				CLANG_CXX_LANGUAGE_STANDARD = "gnu++0x";
				CLANG_CXX_LIBRARY = "libc++";
				CLANG_ENABLE_MODULES = YES;
				CLANG_ENABLE_OBJC_ARC = YES;
				CLANG_WARN_BOOL_CONVERSION = YES;
				CLANG_WARN_CONSTANT_CONVERSION = YES;
				CLANG_WARN_DIRECT_OBJC_ISA_USAGE = YES_ERROR;
				CLANG_WARN_EMPTY_BODY = YES;
				CLANG_WARN_ENUM_CONVERSION = YES;
				CLANG_WARN_INT_CONVERSION = YES;
				CLANG_WARN_OBJC_ROOT_CLASS = YES_ERROR;
				CLANG_WARN_UNREACHABLE_CODE = YES;
				CLANG_WARN__DUPLICATE_METHOD_MATCH = YES;
				"CODE_SIGN_IDENTITY[sdk=iphoneos*]" = "iPhone Developer";
				COPY_PHASE_STRIP = NO;
				DEBUG_INFORMATION_FORMAT = "dwarf-with-dsym";
				ENABLE_STRICT_OBJC_MSGSEND = YES;
				GCC_C_LANGUAGE_STANDARD = gnu99;
				GCC_DYNAMIC_NO_PIC = NO;
				GCC_NO_COMMON_BLOCKS = YES;
				GCC_OPTIMIZATION_LEVEL = 0;
				GCC_PREPROCESSOR_DEFINITIONS = (
					"DEBUG=1",
					"$(inherited)",
				);
				GCC_SYMBOLS_PRIVATE_EXTERN = NO;
				GCC_WARN_64_TO_32_BIT_CONVERSION = YES;
				GCC_WARN_ABOUT_RETURN_TYPE = YES_ERROR;
				GCC_WARN_UNDECLARED_SELECTOR = YES;
				GCC_WARN_UNINITIALIZED_AUTOS = YES_AGGRESSIVE;
				GCC_WARN_UNUSED_FUNCTION = YES;
				GCC_WARN_UNUSED_VARIABLE = YES;
				IPHONEOS_DEPLOYMENT_TARGET = 8.4;
				MTL_ENABLE_DEBUG_INFO = YES;
				ONLY_ACTIVE_ARCH = YES;
				SDKROOT = iphoneos;
				SWIFT_OPTIMIZATION_LEVEL = "-Onone";
			};
			name = Debug;
		};
		0D60B99A1B60685700E31E98 /* Release */ = {
			isa = XCBuildConfiguration;
			buildSettings = {
				ALWAYS_SEARCH_USER_PATHS = NO;
				CLANG_CXX_LANGUAGE_STANDARD = "gnu++0x";
				CLANG_CXX_LIBRARY = "libc++";
				CLANG_ENABLE_MODULES = YES;
				CLANG_ENABLE_OBJC_ARC = YES;
				CLANG_WARN_BOOL_CONVERSION = YES;
				CLANG_WARN_CONSTANT_CONVERSION = YES;
				CLANG_WARN_DIRECT_OBJC_ISA_USAGE = YES_ERROR;
				CLANG_WARN_EMPTY_BODY = YES;
				CLANG_WARN_ENUM_CONVERSION = YES;
				CLANG_WARN_INT_CONVERSION = YES;
				CLANG_WARN_OBJC_ROOT_CLASS = YES_ERROR;
				CLANG_WARN_UNREACHABLE_CODE = YES;
				CLANG_WARN__DUPLICATE_METHOD_MATCH = YES;
				"CODE_SIGN_IDENTITY[sdk=iphoneos*]" = "iPhone Developer";
				COPY_PHASE_STRIP = NO;
				DEBUG_INFORMATION_FORMAT = "dwarf-with-dsym";
				ENABLE_NS_ASSERTIONS = NO;
				ENABLE_STRICT_OBJC_MSGSEND = YES;
				GCC_C_LANGUAGE_STANDARD = gnu99;
				GCC_NO_COMMON_BLOCKS = YES;
				GCC_WARN_64_TO_32_BIT_CONVERSION = YES;
				GCC_WARN_ABOUT_RETURN_TYPE = YES_ERROR;
				GCC_WARN_UNDECLARED_SELECTOR = YES;
				GCC_WARN_UNINITIALIZED_AUTOS = YES_AGGRESSIVE;
				GCC_WARN_UNUSED_FUNCTION = YES;
				GCC_WARN_UNUSED_VARIABLE = YES;
				IPHONEOS_DEPLOYMENT_TARGET = 8.4;
				MTL_ENABLE_DEBUG_INFO = NO;
				SDKROOT = iphoneos;
				VALIDATE_PRODUCT = YES;
			};
			name = Release;
		};
		0D60B99C1B60685700E31E98 /* Debug */ = {
			isa = XCBuildConfiguration;
			buildSettings = {
				ASSETCATALOG_COMPILER_APPICON_NAME = AppIcon;
				CODE_SIGN_IDENTITY = "iPhone Developer";
				"CODE_SIGN_IDENTITY[sdk=iphoneos*]" = "iPhone Developer";
				INFOPLIST_FILE = "Route 139/Info.plist";
				IPHONEOS_DEPLOYMENT_TARGET = 8.0;
				LD_RUNPATH_SEARCH_PATHS = "$(inherited) @executable_path/Frameworks";
				PRODUCT_NAME = "$(TARGET_NAME)";
				PROVISIONING_PROFILE = "";
				TARGETED_DEVICE_FAMILY = 1;
			};
			name = Debug;
		};
		0D60B99D1B60685700E31E98 /* Release */ = {
			isa = XCBuildConfiguration;
			buildSettings = {
				ASSETCATALOG_COMPILER_APPICON_NAME = AppIcon;
				CODE_SIGN_IDENTITY = "iPhone Developer";
				"CODE_SIGN_IDENTITY[sdk=iphoneos*]" = "iPhone Developer";
				INFOPLIST_FILE = "Route 139/Info.plist";
				IPHONEOS_DEPLOYMENT_TARGET = 8.0;
				LD_RUNPATH_SEARCH_PATHS = "$(inherited) @executable_path/Frameworks";
				PRODUCT_NAME = "$(TARGET_NAME)";
				PROVISIONING_PROFILE = "";
				TARGETED_DEVICE_FAMILY = 1;
			};
			name = Release;
		};
		0D60B99F1B60685700E31E98 /* Debug */ = {
			isa = XCBuildConfiguration;
			buildSettings = {
				BUNDLE_LOADER = "$(TEST_HOST)";
				FRAMEWORK_SEARCH_PATHS = (
					"$(SDKROOT)/Developer/Library/Frameworks",
					"$(inherited)",
				);
				GCC_PREPROCESSOR_DEFINITIONS = (
					"DEBUG=1",
					"$(inherited)",
				);
				INFOPLIST_FILE = "Route 139Tests/Info.plist";
				LD_RUNPATH_SEARCH_PATHS = "$(inherited) @executable_path/Frameworks @loader_path/Frameworks";
				PRODUCT_NAME = "$(TARGET_NAME)";
				TEST_HOST = "$(BUILT_PRODUCTS_DIR)/Route 139.app/Route 139";
			};
			name = Debug;
		};
		0D60B9A01B60685700E31E98 /* Release */ = {
			isa = XCBuildConfiguration;
			buildSettings = {
				BUNDLE_LOADER = "$(TEST_HOST)";
				FRAMEWORK_SEARCH_PATHS = (
					"$(SDKROOT)/Developer/Library/Frameworks",
					"$(inherited)",
				);
				INFOPLIST_FILE = "Route 139Tests/Info.plist";
				LD_RUNPATH_SEARCH_PATHS = "$(inherited) @executable_path/Frameworks @loader_path/Frameworks";
				PRODUCT_NAME = "$(TARGET_NAME)";
				TEST_HOST = "$(BUILT_PRODUCTS_DIR)/Route 139.app/Route 139";
			};
			name = Release;
		};
/* End XCBuildConfiguration section */

/* Begin XCConfigurationList section */
		0D60B9771B60685700E31E98 /* Build configuration list for PBXProject "Route 139" */ = {
			isa = XCConfigurationList;
			buildConfigurations = (
				0D60B9991B60685700E31E98 /* Debug */,
				0D60B99A1B60685700E31E98 /* Release */,
			);
			defaultConfigurationIsVisible = 0;
			defaultConfigurationName = Release;
		};
		0D60B99B1B60685700E31E98 /* Build configuration list for PBXNativeTarget "Route 139" */ = {
			isa = XCConfigurationList;
			buildConfigurations = (
				0D60B99C1B60685700E31E98 /* Debug */,
				0D60B99D1B60685700E31E98 /* Release */,
			);
			defaultConfigurationIsVisible = 0;
			defaultConfigurationName = Release;
		};
		0D60B99E1B60685700E31E98 /* Build configuration list for PBXNativeTarget "Route 139Tests" */ = {
			isa = XCConfigurationList;
			buildConfigurations = (
				0D60B99F1B60685700E31E98 /* Debug */,
				0D60B9A01B60685700E31E98 /* Release */,
			);
			defaultConfigurationIsVisible = 0;
			defaultConfigurationName = Release;
		};
/* End XCConfigurationList section */
	};
	rootObject = 0D60B9741B60685700E31E98 /* Project object */;
}
